
Microsoft Visual Studio Solution File, Format Version 12.00
# Visual Studio Version 17
VisualStudioVersion = 17.2.32616.157
MinimumVisualStudioVersion = 10.0.40219.1
Project("{9A19103F-16F7-4668-BE54-9A1E7A4F7556}") = "EntityFramework.Sample", "EntityFramework.Sample\EntityFramework.Sample.csproj", "{7CC06FBE-6DD4-46BA-AB53-BA181A0EE7F1}"
EndProject
Project("{FAE04EC0-301F-11D3-BF4B-00C04F79EFBC}") = "EntityFramework.Model", "EntityFramework.Model\EntityFramework.Model.csproj", "{A410F045-D802-4175-B667-6CF90988F798}"
EndProject
Global
	GlobalSection(SolutionConfigurationPlatforms) = preSolution
		Debug|Any CPU = Debug|Any CPU
		Release|Any CPU = Release|Any CPU
	EndGlobalSection
	GlobalSection(ProjectConfigurationPlatforms) = postSolution
		{7CC06FBE-6DD4-46BA-AB53-BA181A0EE7F1}.Debug|Any CPU.ActiveCfg = Debug|Any CPU
		{7CC06FBE-6DD4-46BA-AB53-BA181A0EE7F1}.Debug|Any CPU.Build.0 = Debug|Any CPU
		{7CC06FBE-6DD4-46BA-AB53-BA181A0EE7F1}.Release|Any CPU.ActiveCfg = Release|Any CPU
		{7CC06FBE-6DD4-46BA-AB53-BA181A0EE7F1}.Release|Any CPU.Build.0 = Release|Any CPU
		{A410F045-D802-4175-B667-6CF90988F798}.Debug|Any CPU.ActiveCfg = Debug|Any CPU
		{A410F045-D802-4175-B667-6CF90988F798}.Debug|Any CPU.Build.0 = Debug|Any CPU
		{A410F045-D802-4175-B667-6CF90988F798}.Release|Any CPU.ActiveCfg = Release|Any CPU
		{A410F045-D802-4175-B667-6CF90988F798}.Release|Any CPU.Build.0 = Release|Any CPU
	EndGlobalSection
	GlobalSection(SolutionProperties) = preSolution
		HideSolutionNode = FALSE
	EndGlobalSection
	GlobalSection(ExtensibilityGlobals) = postSolution
		SolutionGuid = {BD6DB850-0898-4F84-8E02-CDECAFFA2195}
	EndGlobalSection
EndGlobal
